
Microsoft Visual Studio Solution File, Format Version 12.00
# Visual Studio 15
VisualStudioVersion = 15.0.28307.1800
MinimumVisualStudioVersion = 10.0.40219.1
Project("{FAE04EC0-301F-11D3-BF4B-00C04F79EFBC}") = "Zadatak 1", "Zadatak 1\Zadatak 1.csproj", "{FA07DA9C-2624-4C67-9A18-2B9A2D2C12D0}"
EndProject
Global
	GlobalSection(SolutionConfigurationPlatforms) = preSolution
		Debug|Any CPU = Debug|Any CPU
		Release|Any CPU = Release|Any CPU
	EndGlobalSection
	GlobalSection(ProjectConfigurationPlatforms) = postSolution
		{FA07DA9C-2624-4C67-9A18-2B9A2D2C12D0}.Debug|Any CPU.ActiveCfg = Debug|Any CPU
		{FA07DA9C-2624-4C67-9A18-2B9A2D2C12D0}.Debug|Any CPU.Build.0 = Debug|Any CPU
		{FA07DA9C-2624-4C67-9A18-2B9A2D2C12D0}.Release|Any CPU.ActiveCfg = Release|Any CPU
		{FA07DA9C-2624-4C67-9A18-2B9A2D2C12D0}.Release|Any CPU.Build.0 = Release|Any CPU
	EndGlobalSection
	GlobalSection(SolutionProperties) = preSolution
		HideSolutionNode = FALSE
	EndGlobalSection
	GlobalSection(ExtensibilityGlobals) = postSolution
		SolutionGuid = {8C40F20E-A8FB-468D-B590-89FF9E15F5E2}
	EndGlobalSection
EndGlobal
